// !$*UTF8*$!
{
	archiveVersion = 1;
	classes = {
	};
	objectVersion = 46;
	objects = {

/* Begin PBXBuildFile section */
		F0C5D84D1CA628970009A364 /* main.m in Sources */ = {isa = PBXBuildFile; fileRef = F0C5D84C1CA628970009A364 /* main.m */; };
		F0C5D8501CA628970009A364 /* AppDelegate.m in Sources */ = {isa = PBXBuildFile; fileRef = F0C5D84F1CA628970009A364 /* AppDelegate.m */; };
		F0C5D8531CA628970009A364 /* ViewController.m in Sources */ = {isa = PBXBuildFile; fileRef = F0C5D8521CA628970009A364 /* ViewController.m */; };
		F0C5D8561CA628970009A364 /* Main.storyboard in Resources */ = {isa = PBXBuildFile; fileRef = F0C5D8541CA628970009A364 /* Main.storyboard */; };
		F0C5D8581CA628970009A364 /* Assets.xcassets in Resources */ = {isa = PBXBuildFile; fileRef = F0C5D8571CA628970009A364 /* Assets.xcassets */; };
		F0C5D85B1CA628970009A364 /* LaunchScreen.storyboard in Resources */ = {isa = PBXBuildFile; fileRef = F0C5D8591CA628970009A364 /* LaunchScreen.storyboard */; };
		F0C5D8661CA628970009A364 /* ZXFilterTests.m in Sources */ = {isa = PBXBuildFile; fileRef = F0C5D8651CA628970009A364 /* ZXFilterTests.m */; };
		F0C5D8711CA628970009A364 /* ZXFilterUITests.m in Sources */ = {isa = PBXBuildFile; fileRef = F0C5D8701CA628970009A364 /* ZXFilterUITests.m */; };
		F0C5D8841CA62D090009A364 /* ZXFilterViewController.m in Sources */ = {isa = PBXBuildFile; fileRef = F0C5D8831CA62D090009A364 /* ZXFilterViewController.m */; };
/* End PBXBuildFile section */

/* Begin PBXContainerItemProxy section */
		F0C5D8621CA628970009A364 /* PBXContainerItemProxy */ = {
			isa = PBXContainerItemProxy;
			containerPortal = F0C5D8401CA628960009A364 /* Project object */;
			proxyType = 1;
			remoteGlobalIDString = F0C5D8471CA628970009A364;
			remoteInfo = ZXFilter;
		};
		F0C5D86D1CA628970009A364 /* PBXContainerItemProxy */ = {
			isa = PBXContainerItemProxy;
			containerPortal = F0C5D8401CA628960009A364 /* Project object */;
			proxyType = 1;
			remoteGlobalIDString = F0C5D8471CA628970009A364;
			remoteInfo = ZXFilter;
		};
/* End PBXContainerItemProxy section */

/* Begin PBXFileReference section */
		F0C5D8481CA628970009A364 /* ZXFilter.app */ = {isa = PBXFileReference; explicitFileType = wrapper.application; includeInIndex = 0; path = ZXFilter.app; sourceTree = BUILT_PRODUCTS_DIR; };
		F0C5D84C1CA628970009A364 /* main.m */ = {isa = PBXFileReference; lastKnownFileType = sourcecode.c.objc; path = main.m; sourceTree = "<group>"; };
		F0C5D84E1CA628970009A364 /* AppDelegate.h */ = {isa = PBXFileReference; lastKnownFileType = sourcecode.c.h; path = AppDelegate.h; sourceTree = "<group>"; };
		F0C5D84F1CA628970009A364 /* AppDelegate.m */ = {isa = PBXFileReference; lastKnownFileType = sourcecode.c.objc; path = AppDelegate.m; sourceTree = "<group>"; };
		F0C5D8511CA628970009A364 /* ViewController.h */ = {isa = PBXFileReference; lastKnownFileType = sourcecode.c.h; path = ViewController.h; sourceTree = "<group>"; };
		F0C5D8521CA628970009A364 /* ViewController.m */ = {isa = PBXFileReference; lastKnownFileType = sourcecode.c.objc; path = ViewController.m; sourceTree = "<group>"; };
		F0C5D8551CA628970009A364 /* Base */ = {isa = PBXFileReference; lastKnownFileType = file.storyboard; name = Base; path = Base.lproj/Main.storyboard; sourceTree = "<group>"; };
		F0C5D8571CA628970009A364 /* Assets.xcassets */ = {isa = PBXFileReference; lastKnownFileType = folder.assetcatalog; path = Assets.xcassets; sourceTree = "<group>"; };
		F0C5D85A1CA628970009A364 /* Base */ = {isa = PBXFileReference; lastKnownFileType = file.storyboard; name = Base; path = Base.lproj/LaunchScreen.storyboard; sourceTree = "<group>"; };
		F0C5D85C1CA628970009A364 /* Info.plist */ = {isa = PBXFileReference; lastKnownFileType = text.plist.xml; path = Info.plist; sourceTree = "<group>"; };
		F0C5D8611CA628970009A364 /* ZXFilterTests.xctest */ = {isa = PBXFileReference; explicitFileType = wrapper.cfbundle; includeInIndex = 0; path = ZXFilterTests.xctest; sourceTree = BUILT_PRODUCTS_DIR; };
		F0C5D8651CA628970009A364 /* ZXFilterTests.m */ = {isa = PBXFileReference; lastKnownFileType = sourcecode.c.objc; path = ZXFilterTests.m; sourceTree = "<group>"; };
		F0C5D8671CA628970009A364 /* Info.plist */ = {isa = PBXFileReference; lastKnownFileType = text.plist.xml; path = Info.plist; sourceTree = "<group>"; };
		F0C5D86C1CA628970009A364 /* ZXFilterUITests.xctest */ = {isa = PBXFileReference; explicitFileType = wrapper.cfbundle; includeInIndex = 0; path = ZXFilterUITests.xctest; sourceTree = BUILT_PRODUCTS_DIR; };
		F0C5D8701CA628970009A364 /* ZXFilterUITests.m */ = {isa = PBXFileReference; lastKnownFileType = sourcecode.c.objc; path = ZXFilterUITests.m; sourceTree = "<group>"; };
		F0C5D8721CA628970009A364 /* Info.plist */ = {isa = PBXFileReference; lastKnownFileType = text.plist.xml; path = Info.plist; sourceTree = "<group>"; };
		F0C5D8821CA62D090009A364 /* ZXFilterViewController.h */ = {isa = PBXFileReference; fileEncoding = 4; lastKnownFileType = sourcecode.c.h; path = ZXFilterViewController.h; sourceTree = "<group>"; };
		F0C5D8831CA62D090009A364 /* ZXFilterViewController.m */ = {isa = PBXFileReference; fileEncoding = 4; lastKnownFileType = sourcecode.c.objc; path = ZXFilterViewController.m; sourceTree = "<group>"; };
/* End PBXFileReference section */

/* Begin PBXFrameworksBuildPhase section */
		F0C5D8451CA628970009A364 /* Frameworks */ = {
			isa = PBXFrameworksBuildPhase;
			buildActionMask = 2147483647;
			files = (
			);
			runOnlyForDeploymentPostprocessing = 0;
		};
		F0C5D85E1CA628970009A364 /* Frameworks */ = {
			isa = PBXFrameworksBuildPhase;
			buildActionMask = 2147483647;
			files = (
			);
			runOnlyForDeploymentPostprocessing = 0;
		};
		F0C5D8691CA628970009A364 /* Frameworks */ = {
			isa = PBXFrameworksBuildPhase;
			buildActionMask = 2147483647;
			files = (
			);
			runOnlyForDeploymentPostprocessing = 0;
		};
/* End PBXFrameworksBuildPhase section */

/* Begin PBXGroup section */
		F0C5D83F1CA628960009A364 = {
			isa = PBXGroup;
			children = (
				F0C5D84A1CA628970009A364 /* ZXFilter */,
				F0C5D8641CA628970009A364 /* ZXFilterTests */,
				F0C5D86F1CA628970009A364 /* ZXFilterUITests */,
				F0C5D8491CA628970009A364 /* Products */,
			);
			sourceTree = "<group>";
		};
		F0C5D8491CA628970009A364 /* Products */ = {
			isa = PBXGroup;
			children = (
				F0C5D8481CA628970009A364 /* ZXFilter.app */,
				F0C5D8611CA628970009A364 /* ZXFilterTests.xctest */,
				F0C5D86C1CA628970009A364 /* ZXFilterUITests.xctest */,
			);
			name = Products;
			sourceTree = "<group>";
		};
		F0C5D84A1CA628970009A364 /* ZXFilter */ = {
			isa = PBXGroup;
			children = (
				F0C5D87E1CA629280009A364 /* ZXFilterView */,
				F0C5D84E1CA628970009A364 /* AppDelegate.h */,
				F0C5D84F1CA628970009A364 /* AppDelegate.m */,
				F0C5D8511CA628970009A364 /* ViewController.h */,
				F0C5D8521CA628970009A364 /* ViewController.m */,
				F0C5D8541CA628970009A364 /* Main.storyboard */,
				F0C5D84B1CA628970009A364 /* Supporting Files */,
			);
			path = ZXFilter;
			sourceTree = "<group>";
		};
		F0C5D84B1CA628970009A364 /* Supporting Files */ = {
			isa = PBXGroup;
			children = (
				F0C5D8571CA628970009A364 /* Assets.xcassets */,
				F0C5D8591CA628970009A364 /* LaunchScreen.storyboard */,
				F0C5D85C1CA628970009A364 /* Info.plist */,
				F0C5D84C1CA628970009A364 /* main.m */,
			);
			name = "Supporting Files";
			sourceTree = "<group>";
		};
		F0C5D8641CA628970009A364 /* ZXFilterTests */ = {
			isa = PBXGroup;
			children = (
				F0C5D8651CA628970009A364 /* ZXFilterTests.m */,
				F0C5D8671CA628970009A364 /* Info.plist */,
			);
			path = ZXFilterTests;
			sourceTree = "<group>";
		};
		F0C5D86F1CA628970009A364 /* ZXFilterUITests */ = {
			isa = PBXGroup;
			children = (
				F0C5D8701CA628970009A364 /* ZXFilterUITests.m */,
				F0C5D8721CA628970009A364 /* Info.plist */,
			);
			path = ZXFilterUITests;
			sourceTree = "<group>";
		};
		F0C5D87E1CA629280009A364 /* ZXFilterView */ = {
			isa = PBXGroup;
			children = (
				F0C5D87F1CA629280009A364 /* Controller */,
				F0C5D8801CA629280009A364 /* Model */,
				F0C5D8811CA629280009A364 /* View */,
			);
			path = ZXFilterView;
			sourceTree = "<group>";
		};
		F0C5D87F1CA629280009A364 /* Controller */ = {
			isa = PBXGroup;
			children = (
				F0C5D8821CA62D090009A364 /* ZXFilterViewController.h */,
				F0C5D8831CA62D090009A364 /* ZXFilterViewController.m */,
			);
			path = Controller;
			sourceTree = "<group>";
		};
		F0C5D8801CA629280009A364 /* Model */ = {
			isa = PBXGroup;
			children = (
			);
			path = Model;
			sourceTree = "<group>";
		};
		F0C5D8811CA629280009A364 /* View */ = {
			isa = PBXGroup;
			children = (
			);
			path = View;
			sourceTree = "<group>";
		};
/* End PBXGroup section */

/* Begin PBXNativeTarget section */
		F0C5D8471CA628970009A364 /* ZXFilter */ = {
			isa = PBXNativeTarget;
			buildConfigurationList = F0C5D8751CA628970009A364 /* Build configuration list for PBXNativeTarget "ZXFilter" */;
			buildPhases = (
				F0C5D8441CA628970009A364 /* Sources */,
				F0C5D8451CA628970009A364 /* Frameworks */,
				F0C5D8461CA628970009A364 /* Resources */,
			);
			buildRules = (
			);
			dependencies = (
			);
			name = ZXFilter;
			productName = ZXFilter;
			productReference = F0C5D8481CA628970009A364 /* ZXFilter.app */;
			productType = "com.apple.product-type.application";
		};
		F0C5D8601CA628970009A364 /* ZXFilterTests */ = {
			isa = PBXNativeTarget;
			buildConfigurationList = F0C5D8781CA628970009A364 /* Build configuration list for PBXNativeTarget "ZXFilterTests" */;
			buildPhases = (
				F0C5D85D1CA628970009A364 /* Sources */,
				F0C5D85E1CA628970009A364 /* Frameworks */,
				F0C5D85F1CA628970009A364 /* Resources */,
			);
			buildRules = (
			);
			dependencies = (
				F0C5D8631CA628970009A364 /* PBXTargetDependency */,
			);
			name = ZXFilterTests;
			productName = ZXFilterTests;
			productReference = F0C5D8611CA628970009A364 /* ZXFilterTests.xctest */;
			productType = "com.apple.product-type.bundle.unit-test";
		};
		F0C5D86B1CA628970009A364 /* ZXFilterUITests */ = {
			isa = PBXNativeTarget;
			buildConfigurationList = F0C5D87B1CA628970009A364 /* Build configuration list for PBXNativeTarget "ZXFilterUITests" */;
			buildPhases = (
				F0C5D8681CA628970009A364 /* Sources */,
				F0C5D8691CA628970009A364 /* Frameworks */,
				F0C5D86A1CA628970009A364 /* Resources */,
			);
			buildRules = (
			);
			dependencies = (
				F0C5D86E1CA628970009A364 /* PBXTargetDependency */,
			);
			name = ZXFilterUITests;
			productName = ZXFilterUITests;
			productReference = F0C5D86C1CA628970009A364 /* ZXFilterUITests.xctest */;
			productType = "com.apple.product-type.bundle.ui-testing";
		};
/* End PBXNativeTarget section */

/* Begin PBXProject section */
		F0C5D8401CA628960009A364 /* Project object */ = {
			isa = PBXProject;
			attributes = {
				LastUpgradeCheck = 0720;
				ORGANIZATIONNAME = "周想";
				TargetAttributes = {
					F0C5D8471CA628970009A364 = {
						CreatedOnToolsVersion = 7.2.1;
					};
					F0C5D8601CA628970009A364 = {
						CreatedOnToolsVersion = 7.2.1;
						TestTargetID = F0C5D8471CA628970009A364;
					};
					F0C5D86B1CA628970009A364 = {
						CreatedOnToolsVersion = 7.2.1;
						TestTargetID = F0C5D8471CA628970009A364;
					};
				};
			};
			buildConfigurationList = F0C5D8431CA628970009A364 /* Build configuration list for PBXProject "ZXFilter" */;
			compatibilityVersion = "Xcode 3.2";
			developmentRegion = English;
			hasScannedForEncodings = 0;
			knownRegions = (
				en,
				Base,
			);
			mainGroup = F0C5D83F1CA628960009A364;
			productRefGroup = F0C5D8491CA628970009A364 /* Products */;
			projectDirPath = "";
			projectRoot = "";
			targets = (
				F0C5D8471CA628970009A364 /* ZXFilter */,
				F0C5D8601CA628970009A364 /* ZXFilterTests */,
				F0C5D86B1CA628970009A364 /* ZXFilterUITests */,
			);
		};
/* End PBXProject section */

/* Begin PBXResourcesBuildPhase section */
		F0C5D8461CA628970009A364 /* Resources */ = {
			isa = PBXResourcesBuildPhase;
			buildActionMask = 2147483647;
			files = (
				F0C5D85B1CA628970009A364 /* LaunchScreen.storyboard in Resources */,
				F0C5D8581CA628970009A364 /* Assets.xcassets in Resources */,
				F0C5D8561CA628970009A364 /* Main.storyboard in Resources */,
			);
			runOnlyForDeploymentPostprocessing = 0;
		};
		F0C5D85F1CA628970009A364 /* Resources */ = {
			isa = PBXResourcesBuildPhase;
			buildActionMask = 2147483647;
			files = (
			);
			runOnlyForDeploymentPostprocessing = 0;
		};
		F0C5D86A1CA628970009A364 /* Resources */ = {
			isa = PBXResourcesBuildPhase;
			buildActionMask = 2147483647;
			files = (
			);
			runOnlyForDeploymentPostprocessing = 0;
		};
/* End PBXResourcesBuildPhase section */

/* Begin PBXSourcesBuildPhase section */
		F0C5D8441CA628970009A364 /* Sources */ = {
			isa = PBXSourcesBuildPhase;
			buildActionMask = 2147483647;
			files = (
				F0C5D8531CA628970009A364 /* ViewController.m in Sources */,
				F0C5D8501CA628970009A364 /* AppDelegate.m in Sources */,
				F0C5D8841CA62D090009A364 /* ZXFilterViewController.m in Sources */,
				F0C5D84D1CA628970009A364 /* main.m in Sources */,
			);
			runOnlyForDeploymentPostprocessing = 0;
		};
		F0C5D85D1CA628970009A364 /* Sources */ = {
			isa = PBXSourcesBuildPhase;
			buildActionMask = 2147483647;
			files = (
				F0C5D8661CA628970009A364 /* ZXFilterTests.m in Sources */,
			);
			runOnlyForDeploymentPostprocessing = 0;
		};
		F0C5D8681CA628970009A364 /* Sources */ = {
			isa = PBXSourcesBuildPhase;
			buildActionMask = 2147483647;
			files = (
				F0C5D8711CA628970009A364 /* ZXFilterUITests.m in Sources */,
			);
			runOnlyForDeploymentPostprocessing = 0;
		};
/* End PBXSourcesBuildPhase section */

/* Begin PBXTargetDependency section */
		F0C5D8631CA628970009A364 /* PBXTargetDependency */ = {
			isa = PBXTargetDependency;
			target = F0C5D8471CA628970009A364 /* ZXFilter */;
			targetProxy = F0C5D8621CA628970009A364 /* PBXContainerItemProxy */;
		};
		F0C5D86E1CA628970009A364 /* PBXTargetDependency */ = {
			isa = PBXTargetDependency;
			target = F0C5D8471CA628970009A364 /* ZXFilter */;
			targetProxy = F0C5D86D1CA628970009A364 /* PBXContainerItemProxy */;
		};
/* End PBXTargetDependency section */

/* Begin PBXVariantGroup section */
		F0C5D8541CA628970009A364 /* Main.storyboard */ = {
			isa = PBXVariantGroup;
			children = (
				F0C5D8551CA628970009A364 /* Base */,
			);
			name = Main.storyboard;
			sourceTree = "<group>";
		};
		F0C5D8591CA628970009A364 /* LaunchScreen.storyboard */ = {
			isa = PBXVariantGroup;
			children = (
				F0C5D85A1CA628970009A364 /* Base */,
			);
			name = LaunchScreen.storyboard;
			sourceTree = "<group>";
		};
/* End PBXVariantGroup section */

/* Begin XCBuildConfiguration section */
		F0C5D8731CA628970009A364 /* Debug */ = {
			isa = XCBuildConfiguration;
			buildSettings = {
				ALWAYS_SEARCH_USER_PATHS = NO;
				CLANG_CXX_LANGUAGE_STANDARD = "gnu++0x";
				CLANG_CXX_LIBRARY = "libc++";
				CLANG_ENABLE_MODULES = YES;
				CLANG_ENABLE_OBJC_ARC = YES;
				CLANG_WARN_BOOL_CONVERSION = YES;
				CLANG_WARN_CONSTANT_CONVERSION = YES;
				CLANG_WARN_DIRECT_OBJC_ISA_USAGE = YES_ERROR;
				CLANG_WARN_EMPTY_BODY = YES;
				CLANG_WARN_ENUM_CONVERSION = YES;
				CLANG_WARN_INT_CONVERSION = YES;
				CLANG_WARN_OBJC_ROOT_CLASS = YES_ERROR;
				CLANG_WARN_UNREACHABLE_CODE = YES;
				CLANG_WARN__DUPLICATE_METHOD_MATCH = YES;
				"CODE_SIGN_IDENTITY[sdk=iphoneos*]" = "iPhone Developer";
				COPY_PHASE_STRIP = NO;
				DEBUG_INFORMATION_FORMAT = dwarf;
				ENABLE_STRICT_OBJC_MSGSEND = YES;
				ENABLE_TESTABILITY = YES;
				GCC_C_LANGUAGE_STANDARD = gnu99;
				GCC_DYNAMIC_NO_PIC = NO;
				GCC_NO_COMMON_BLOCKS = YES;
				GCC_OPTIMIZATION_LEVEL = 0;
				GCC_PREPROCESSOR_DEFINITIONS = (
					"DEBUG=1",
					"$(inherited)",
				);
				GCC_WARN_64_TO_32_BIT_CONVERSION = YES;
				GCC_WARN_ABOUT_RETURN_TYPE = YES_ERROR;
				GCC_WARN_UNDECLARED_SELECTOR = YES;
				GCC_WARN_UNINITIALIZED_AUTOS = YES_AGGRESSIVE;
				GCC_WARN_UNUSED_FUNCTION = YES;
				GCC_WARN_UNUSED_VARIABLE = YES;
				IPHONEOS_DEPLOYMENT_TARGET = 9.2;
				MTL_ENABLE_DEBUG_INFO = YES;
				ONLY_ACTIVE_ARCH = YES;
				SDKROOT = iphoneos;
			};
			name = Debug;
		};
		F0C5D8741CA628970009A364 /* Release */ = {
			isa = XCBuildConfiguration;
			buildSettings = {
				ALWAYS_SEARCH_USER_PATHS = NO;
				CLANG_CXX_LANGUAGE_STANDARD = "gnu++0x";
				CLANG_CXX_LIBRARY = "libc++";
				CLANG_ENABLE_MODULES = YES;
				CLANG_ENABLE_OBJC_ARC = YES;
				CLANG_WARN_BOOL_CONVERSION = YES;
				CLANG_WARN_CONSTANT_CONVERSION = YES;
				CLANG_WARN_DIRECT_OBJC_ISA_USAGE = YES_ERROR;
				CLANG_WARN_EMPTY_BODY = YES;
				CLANG_WARN_ENUM_CONVERSION = YES;
				CLANG_WARN_INT_CONVERSION = YES;
				CLANG_WARN_OBJC_ROOT_CLASS = YES_ERROR;
				CLANG_WARN_UNREACHABLE_CODE = YES;
				CLANG_WARN__DUPLICATE_METHOD_MATCH = YES;
				"CODE_SIGN_IDENTITY[sdk=iphoneos*]" = "iPhone Developer";
				COPY_PHASE_STRIP = NO;
				DEBUG_INFORMATION_FORMAT = "dwarf-with-dsym";
				ENABLE_NS_ASSERTIONS = NO;
				ENABLE_STRICT_OBJC_MSGSEND = YES;
				GCC_C_LANGUAGE_STANDARD = gnu99;
				GCC_NO_COMMON_BLOCKS = YES;
				GCC_WARN_64_TO_32_BIT_CONVERSION = YES;
				GCC_WARN_ABOUT_RETURN_TYPE = YES_ERROR;
				GCC_WARN_UNDECLARED_SELECTOR = YES;
				GCC_WARN_UNINITIALIZED_AUTOS = YES_AGGRESSIVE;
				GCC_WARN_UNUSED_FUNCTION = YES;
				GCC_WARN_UNUSED_VARIABLE = YES;
				IPHONEOS_DEPLOYMENT_TARGET = 9.2;
				MTL_ENABLE_DEBUG_INFO = NO;
				SDKROOT = iphoneos;
				VALIDATE_PRODUCT = YES;
			};
			name = Release;
		};
		F0C5D8761CA628970009A364 /* Debug */ = {
			isa = XCBuildConfiguration;
			buildSettings = {
				ASSETCATALOG_COMPILER_APPICON_NAME = AppIcon;
				INFOPLIST_FILE = ZXFilter/Info.plist;
				LD_RUNPATH_SEARCH_PATHS = "$(inherited) @executable_path/Frameworks";
				PRODUCT_BUNDLE_IDENTIFIER = io.github.shaynechow.ZXFilter;
				PRODUCT_NAME = "$(TARGET_NAME)";
			};
			name = Debug;
		};
		F0C5D8771CA628970009A364 /* Release */ = {
			isa = XCBuildConfiguration;
			buildSettings = {
				ASSETCATALOG_COMPILER_APPICON_NAME = AppIcon;
				INFOPLIST_FILE = ZXFilter/Info.plist;
				LD_RUNPATH_SEARCH_PATHS = "$(inherited) @executable_path/Frameworks";
				PRODUCT_BUNDLE_IDENTIFIER = io.github.shaynechow.ZXFilter;
				PRODUCT_NAME = "$(TARGET_NAME)";
			};
			name = Release;
		};
		F0C5D8791CA628970009A364 /* Debug */ = {
			isa = XCBuildConfiguration;
			buildSettings = {
				BUNDLE_LOADER = "$(TEST_HOST)";
				INFOPLIST_FILE = ZXFilterTests/Info.plist;
				LD_RUNPATH_SEARCH_PATHS = "$(inherited) @executable_path/Frameworks @loader_path/Frameworks";
				PRODUCT_BUNDLE_IDENTIFIER = io.github.shaynechow.ZXFilterTests;
				PRODUCT_NAME = "$(TARGET_NAME)";
				TEST_HOST = "$(BUILT_PRODUCTS_DIR)/ZXFilter.app/ZXFilter";
			};
			name = Debug;
		};
		F0C5D87A1CA628970009A364 /* Release */ = {
			isa = XCBuildConfiguration;
			buildSettings = {
				BUNDLE_LOADER = "$(TEST_HOST)";
				INFOPLIST_FILE = ZXFilterTests/Info.plist;
				LD_RUNPATH_SEARCH_PATHS = "$(inherited) @executable_path/Frameworks @loader_path/Frameworks";
				PRODUCT_BUNDLE_IDENTIFIER = io.github.shaynechow.ZXFilterTests;
				PRODUCT_NAME = "$(TARGET_NAME)";
				TEST_HOST = "$(BUILT_PRODUCTS_DIR)/ZXFilter.app/ZXFilter";
			};
			name = Release;
		};
		F0C5D87C1CA628970009A364 /* Debug */ = {
			isa = XCBuildConfiguration;
			buildSettings = {
				INFOPLIST_FILE = ZXFilterUITests/Info.plist;
				LD_RUNPATH_SEARCH_PATHS = "$(inherited) @executable_path/Frameworks @loader_path/Frameworks";
				PRODUCT_BUNDLE_IDENTIFIER = io.github.shaynechow.ZXFilterUITests;
				PRODUCT_NAME = "$(TARGET_NAME)";
				TEST_TARGET_NAME = ZXFilter;
				USES_XCTRUNNER = YES;
			};
			name = Debug;
		};
		F0C5D87D1CA628970009A364 /* Release */ = {
			isa = XCBuildConfiguration;
			buildSettings = {
				INFOPLIST_FILE = ZXFilterUITests/Info.plist;
				LD_RUNPATH_SEARCH_PATHS = "$(inherited) @executable_path/Frameworks @loader_path/Frameworks";
				PRODUCT_BUNDLE_IDENTIFIER = io.github.shaynechow.ZXFilterUITests;
				PRODUCT_NAME = "$(TARGET_NAME)";
				TEST_TARGET_NAME = ZXFilter;
				USES_XCTRUNNER = YES;
			};
			name = Release;
		};
/* End XCBuildConfiguration section */

/* Begin XCConfigurationList section */
		F0C5D8431CA628970009A364 /* Build configuration list for PBXProject "ZXFilter" */ = {
			isa = XCConfigurationList;
			buildConfigurations = (
				F0C5D8731CA628970009A364 /* Debug */,
				F0C5D8741CA628970009A364 /* Release */,
			);
			defaultConfigurationIsVisible = 0;
			defaultConfigurationName = Release;
		};
		F0C5D8751CA628970009A364 /* Build configuration list for PBXNativeTarget "ZXFilter" */ = {
			isa = XCConfigurationList;
			buildConfigurations = (
				F0C5D8761CA628970009A364 /* Debug */,
				F0C5D8771CA628970009A364 /* Release */,
			);
			defaultConfigurationIsVisible = 0;
		};
		F0C5D8781CA628970009A364 /* Build configuration list for PBXNativeTarget "ZXFilterTests" */ = {
			isa = XCConfigurationList;
			buildConfigurations = (
				F0C5D8791CA628970009A364 /* Debug */,
				F0C5D87A1CA628970009A364 /* Release */,
			);
			defaultConfigurationIsVisible = 0;
		};
		F0C5D87B1CA628970009A364 /* Build configuration list for PBXNativeTarget "ZXFilterUITests" */ = {
			isa = XCConfigurationList;
			buildConfigurations = (
				F0C5D87C1CA628970009A364 /* Debug */,
				F0C5D87D1CA628970009A364 /* Release */,
			);
			defaultConfigurationIsVisible = 0;
		};
/* End XCConfigurationList section */
	};
	rootObject = F0C5D8401CA628960009A364 /* Project object */;
}
